
Microsoft Visual Studio Solution File, Format Version 12.00
# Visual Studio Version 17
VisualStudioVersion = 17.0.32014.148
MinimumVisualStudioVersion = 10.0.40219.1
Project("{2150E333-8FDC-42A3-9474-1A3956D46DE8}") = "2 - Application", "2 - Application", "{BC919CC0-7212-11EC-BDAE-872BA961DB0F}"
EndProject
Project("{2150E333-8FDC-42A3-9474-1A3956D46DE8}") = "4 - Adapters", "4 - Adapters", "{C75D48C0-7212-11EC-BDAE-872BA961DB0F}"
EndProject
Project("{2150E333-8FDC-42A3-9474-1A3956D46DE8}") = "4.1 - CrossCutting", "4.1 - CrossCutting", "{D1A768B0-7212-11EC-BDAE-872BA961DB0F}"
EndProject
Project("{2150E333-8FDC-42A3-9474-1A3956D46DE8}") = "1 - Api", "1 - Api", "{360970E0-7219-11EC-8FA2-0B1B7181AC02}"
EndProject
Project("{2150E333-8FDC-42A3-9474-1A3956D46DE8}") = "3 - Domain", "3 - Domain", "{ADA84CE6-BAF8-4098-9C03-7209D50D52D9}"
EndProject
Project("{2150E333-8FDC-42A3-9474-1A3956D46DE8}") = "4.2 - Data", "4.2 - Data", "{92FB0F04-198E-4167-A9AA-C3681DD013CE}"
EndProject
Project("{9A19103F-16F7-4668-BE54-9A1E7A4F7556}") = "Api", "Api\Api.csproj", "{7597D4E5-5BB3-4ED6-86DA-613FBFBC7635}"
EndProject
Project("{9A19103F-16F7-4668-BE54-9A1E7A4F7556}") = "Application", "Application\Application.csproj", "{0D9A28A9-9F1F-41FC-8C11-000308CF0047}"
EndProject
Project("{9A19103F-16F7-4668-BE54-9A1E7A4F7556}") = "Domain", "Domain\Domain.csproj", "{F0D89EC5-A68A-48D1-A856-12CDB9E41046}"
EndProject
Project("{9A19103F-16F7-4668-BE54-9A1E7A4F7556}") = "Data", "Adapters\Data\Data.csproj", "{757FB0FD-1EC6-47DE-8B3B-310FFBDE0274}"
EndProject
Project("{9A19103F-16F7-4668-BE54-9A1E7A4F7556}") = "CrossCutting", "Adapters\CrossCutting\CrossCutting.csproj", "{BA283420-253A-4933-9199-6B1E5FDE3B07}"
EndProject
Global
	GlobalSection(SolutionConfigurationPlatforms) = preSolution
		Debug|Any CPU = Debug|Any CPU
		Release|Any CPU = Release|Any CPU
	EndGlobalSection
	GlobalSection(ProjectConfigurationPlatforms) = postSolution
		{7597D4E5-5BB3-4ED6-86DA-613FBFBC7635}.Debug|Any CPU.ActiveCfg = Debug|Any CPU
		{7597D4E5-5BB3-4ED6-86DA-613FBFBC7635}.Debug|Any CPU.Build.0 = Debug|Any CPU
		{7597D4E5-5BB3-4ED6-86DA-613FBFBC7635}.Release|Any CPU.ActiveCfg = Release|Any CPU
		{7597D4E5-5BB3-4ED6-86DA-613FBFBC7635}.Release|Any CPU.Build.0 = Release|Any CPU
		{0D9A28A9-9F1F-41FC-8C11-000308CF0047}.Debug|Any CPU.ActiveCfg = Debug|Any CPU
		{0D9A28A9-9F1F-41FC-8C11-000308CF0047}.Debug|Any CPU.Build.0 = Debug|Any CPU
		{0D9A28A9-9F1F-41FC-8C11-000308CF0047}.Release|Any CPU.ActiveCfg = Release|Any CPU
		{0D9A28A9-9F1F-41FC-8C11-000308CF0047}.Release|Any CPU.Build.0 = Release|Any CPU
		{F0D89EC5-A68A-48D1-A856-12CDB9E41046}.Debug|Any CPU.ActiveCfg = Debug|Any CPU
		{F0D89EC5-A68A-48D1-A856-12CDB9E41046}.Debug|Any CPU.Build.0 = Debug|Any CPU
		{F0D89EC5-A68A-48D1-A856-12CDB9E41046}.Release|Any CPU.ActiveCfg = Release|Any CPU
		{F0D89EC5-A68A-48D1-A856-12CDB9E41046}.Release|Any CPU.Build.0 = Release|Any CPU
		{757FB0FD-1EC6-47DE-8B3B-310FFBDE0274}.Debug|Any CPU.ActiveCfg = Debug|Any CPU
		{757FB0FD-1EC6-47DE-8B3B-310FFBDE0274}.Debug|Any CPU.Build.0 = Debug|Any CPU
		{757FB0FD-1EC6-47DE-8B3B-310FFBDE0274}.Release|Any CPU.ActiveCfg = Release|Any CPU
		{757FB0FD-1EC6-47DE-8B3B-310FFBDE0274}.Release|Any CPU.Build.0 = Release|Any CPU
		{BA283420-253A-4933-9199-6B1E5FDE3B07}.Debug|Any CPU.ActiveCfg = Debug|Any CPU
		{BA283420-253A-4933-9199-6B1E5FDE3B07}.Debug|Any CPU.Build.0 = Debug|Any CPU
		{BA283420-253A-4933-9199-6B1E5FDE3B07}.Release|Any CPU.ActiveCfg = Release|Any CPU
		{BA283420-253A-4933-9199-6B1E5FDE3B07}.Release|Any CPU.Build.0 = Release|Any CPU
	EndGlobalSection
	GlobalSection(SolutionProperties) = preSolution
		HideSolutionNode = FALSE
	EndGlobalSection
	GlobalSection(NestedProjects) = preSolution
		{D1A768B0-7212-11EC-BDAE-872BA961DB0F} = {C75D48C0-7212-11EC-BDAE-872BA961DB0F}
		{92FB0F04-198E-4167-A9AA-C3681DD013CE} = {C75D48C0-7212-11EC-BDAE-872BA961DB0F}
		{7597D4E5-5BB3-4ED6-86DA-613FBFBC7635} = {360970E0-7219-11EC-8FA2-0B1B7181AC02}
		{0D9A28A9-9F1F-41FC-8C11-000308CF0047} = {BC919CC0-7212-11EC-BDAE-872BA961DB0F}
		{F0D89EC5-A68A-48D1-A856-12CDB9E41046} = {ADA84CE6-BAF8-4098-9C03-7209D50D52D9}
		{757FB0FD-1EC6-47DE-8B3B-310FFBDE0274} = {92FB0F04-198E-4167-A9AA-C3681DD013CE}
		{BA283420-253A-4933-9199-6B1E5FDE3B07} = {D1A768B0-7212-11EC-BDAE-872BA961DB0F}
	EndGlobalSection
	GlobalSection(ExtensibilityGlobals) = postSolution
		SolutionGuid = {D193C06E-4020-4120-9A65-FC41FEC24ACE}
	EndGlobalSection
EndGlobal
